
Microsoft Visual Studio Solution File, Format Version 12.00
# Visual Studio Version 17
VisualStudioVersion = 17.10.34928.147
MinimumVisualStudioVersion = 10.0.40219.1
Project("{FAE04EC0-301F-11D3-BF4B-00C04F79EFBC}") = "ModSync", "ModSync.csproj", "{6337FAFC-25BA-4062-B61C-12A614297AE5}"
EndProject
Project("{FAE04EC0-301F-11D3-BF4B-00C04F79EFBC}") = "ModSync.PrePatcher", "ModSync.PrePatcher\ModSync.PrePatcher.csproj", "{67D0E573-0411-4B38-A836-065C05EE4559}"
EndProject
Project("{D954291E-2A0B-460D-934E-DC6B0785DB48}") = "ModSync.Utility", "ModSync.Utility\ModSync.Utility.shproj", "{C5E66358-785A-4036-97D5-FF728AD9E98B}"
EndProject
Project("{FAE04EC0-301F-11D3-BF4B-00C04F79EFBC}") = "ModSync.Test", "ModSync.Test\ModSync.Test.csproj", "{3844C43E-C608-4662-9880-277AB83E3C0D}"
EndProject
Global
	GlobalSection(SolutionConfigurationPlatforms) = preSolution
		Debug|Any CPU = Debug|Any CPU
		Release|Any CPU = Release|Any CPU
	EndGlobalSection
	GlobalSection(ProjectConfigurationPlatforms) = postSolution
		{6337FAFC-25BA-4062-B61C-12A614297AE5}.Debug|Any CPU.ActiveCfg = Debug|Any CPU
		{6337FAFC-25BA-4062-B61C-12A614297AE5}.Debug|Any CPU.Build.0 = Debug|Any CPU
		{6337FAFC-25BA-4062-B61C-12A614297AE5}.Release|Any CPU.ActiveCfg = Release|Any CPU
		{6337FAFC-25BA-4062-B61C-12A614297AE5}.Release|Any CPU.Build.0 = Release|Any CPU
		{67D0E573-0411-4B38-A836-065C05EE4559}.Debug|Any CPU.ActiveCfg = Debug|Any CPU
		{67D0E573-0411-4B38-A836-065C05EE4559}.Debug|Any CPU.Build.0 = Debug|Any CPU
		{67D0E573-0411-4B38-A836-065C05EE4559}.Release|Any CPU.ActiveCfg = Release|Any CPU
		{67D0E573-0411-4B38-A836-065C05EE4559}.Release|Any CPU.Build.0 = Release|Any CPU
		{3844C43E-C608-4662-9880-277AB83E3C0D}.Debug|Any CPU.ActiveCfg = Debug|Any CPU
		{3844C43E-C608-4662-9880-277AB83E3C0D}.Debug|Any CPU.Build.0 = Debug|Any CPU
		{3844C43E-C608-4662-9880-277AB83E3C0D}.Release|Any CPU.ActiveCfg = Release|Any CPU
		{3844C43E-C608-4662-9880-277AB83E3C0D}.Release|Any CPU.Build.0 = Release|Any CPU
	EndGlobalSection
	GlobalSection(SolutionProperties) = preSolution
		HideSolutionNode = FALSE
	EndGlobalSection
	GlobalSection(ExtensibilityGlobals) = postSolution
		SolutionGuid = {83B1D44A-56D6-4560-A909-56F412A0E09F}
	EndGlobalSection
	GlobalSection(SharedMSBuildProjectFiles) = preSolution
		ModSync.Utility\ModSync.Utility.projitems*{6337fafc-25ba-4062-b61c-12a614297ae5}*SharedItemsImports = 4
		ModSync.Utility\ModSync.Utility.projitems*{67d0e573-0411-4b38-a836-065c05ee4559}*SharedItemsImports = 4
		ModSync.Utility\ModSync.Utility.projitems*{c5e66358-785a-4036-97d5-ff728ad9e98b}*SharedItemsImports = 13
	EndGlobalSection
EndGlobal
